
Microsoft Visual Studio Solution File, Format Version 12.00
# Visual Studio Version 16
VisualStudioVersion = 16.0.31410.357
MinimumVisualStudioVersion = 10.0.40219.1
Project("{FAE04EC0-301F-11D3-BF4B-00C04F79EFBC}") = "FreeBlazorCrashCourse.Server", "FreeBlazorCrashCourse\Server\FreeBlazorCrashCourse.Server.csproj", "{3BC8C058-40DC-48D9-A5B5-375E9D1B3DB4}"
EndProject
Project("{FAE04EC0-301F-11D3-BF4B-00C04F79EFBC}") = "FreeBlazorCrashCourse.Client", "FreeBlazorCrashCourse\Client\FreeBlazorCrashCourse.Client.csproj", "{8D98502A-0C26-47AF-93FA-066E4BDC7AD6}"
EndProject
Project("{FAE04EC0-301F-11D3-BF4B-00C04F79EFBC}") = "FreeBlazorCrashCourse.Shared", "FreeBlazorCrashCourse\Shared\FreeBlazorCrashCourse.Shared.csproj", "{008123E2-9DAC-4C2A-8C8E-F46B4D55BA3A}"
EndProject
Global
	GlobalSection(SolutionConfigurationPlatforms) = preSolution
		Debug|Any CPU = Debug|Any CPU
		Release|Any CPU = Release|Any CPU
	EndGlobalSection
	GlobalSection(ProjectConfigurationPlatforms) = postSolution
		{3BC8C058-40DC-48D9-A5B5-375E9D1B3DB4}.Debug|Any CPU.ActiveCfg = Debug|Any CPU
		{3BC8C058-40DC-48D9-A5B5-375E9D1B3DB4}.Debug|Any CPU.Build.0 = Debug|Any CPU
		{3BC8C058-40DC-48D9-A5B5-375E9D1B3DB4}.Release|Any CPU.ActiveCfg = Release|Any CPU
		{3BC8C058-40DC-48D9-A5B5-375E9D1B3DB4}.Release|Any CPU.Build.0 = Release|Any CPU
		{8D98502A-0C26-47AF-93FA-066E4BDC7AD6}.Debug|Any CPU.ActiveCfg = Debug|Any CPU
		{8D98502A-0C26-47AF-93FA-066E4BDC7AD6}.Debug|Any CPU.Build.0 = Debug|Any CPU
		{8D98502A-0C26-47AF-93FA-066E4BDC7AD6}.Release|Any CPU.ActiveCfg = Release|Any CPU
		{8D98502A-0C26-47AF-93FA-066E4BDC7AD6}.Release|Any CPU.Build.0 = Release|Any CPU
		{008123E2-9DAC-4C2A-8C8E-F46B4D55BA3A}.Debug|Any CPU.ActiveCfg = Debug|Any CPU
		{008123E2-9DAC-4C2A-8C8E-F46B4D55BA3A}.Debug|Any CPU.Build.0 = Debug|Any CPU
		{008123E2-9DAC-4C2A-8C8E-F46B4D55BA3A}.Release|Any CPU.ActiveCfg = Release|Any CPU
		{008123E2-9DAC-4C2A-8C8E-F46B4D55BA3A}.Release|Any CPU.Build.0 = Release|Any CPU
	EndGlobalSection
	GlobalSection(SolutionProperties) = preSolution
		HideSolutionNode = FALSE
	EndGlobalSection
	GlobalSection(ExtensibilityGlobals) = postSolution
		SolutionGuid = {0DB3CC9D-01BB-4795-ABD5-908660619469}
	EndGlobalSection
EndGlobal
